
Microsoft Visual Studio Solution File, Format Version 12.00
# Visual Studio Version 16
VisualStudioVersion = 16.0.31025.194
MinimumVisualStudioVersion = 10.0.40219.1
Project("{FAE04EC0-301F-11D3-BF4B-00C04F79EFBC}") = "БК_СПОРТЛАЙН", "БК_СПОРТЛАЙН\БК_СПОРТЛАЙН.csproj", "{0DFFCF0A-D2B8-4838-972E-DBE7851BBDE4}"
EndProject
Global
	GlobalSection(SolutionConfigurationPlatforms) = preSolution
		Debug|Any CPU = Debug|Any CPU
		Release|Any CPU = Release|Any CPU
	EndGlobalSection
	GlobalSection(ProjectConfigurationPlatforms) = postSolution
		{0DFFCF0A-D2B8-4838-972E-DBE7851BBDE4}.Debug|Any CPU.ActiveCfg = Debug|Any CPU
		{0DFFCF0A-D2B8-4838-972E-DBE7851BBDE4}.Debug|Any CPU.Build.0 = Debug|Any CPU
		{0DFFCF0A-D2B8-4838-972E-DBE7851BBDE4}.Release|Any CPU.ActiveCfg = Release|Any CPU
		{0DFFCF0A-D2B8-4838-972E-DBE7851BBDE4}.Release|Any CPU.Build.0 = Release|Any CPU
	EndGlobalSection
	GlobalSection(SolutionProperties) = preSolution
		HideSolutionNode = FALSE
	EndGlobalSection
	GlobalSection(ExtensibilityGlobals) = postSolution
		SolutionGuid = {361DCDEC-A462-495D-A1E4-A2A44D208D74}
	EndGlobalSection
EndGlobal
